# This file is automatically @generated by Cargo.
# It is not intended for manual editing.
[[package]]
name = "ahash"
version = "0.2.18"
source = "registry+https://github.com/rust-lang/crates.io-index"
dependencies = [
 "const-random 0.1.8 (registry+https://github.com/rust-lang/crates.io-index)",
]

[[package]]
name = "ansi_rgb"
version = "0.2.0"
source = "registry+https://github.com/rust-lang/crates.io-index"
dependencies = [
 "rgb 0.8.16 (registry+https://github.com/rust-lang/crates.io-index)",
]

[[package]]
name = "autocfg"
version = "0.1.7"
source = "registry+https://github.com/rust-lang/crates.io-index"

[[package]]
name = "cfg-if"
version = "0.1.10"
source = "registry+https://github.com/rust-lang/crates.io-index"

[[package]]
name = "const-random"
version = "0.1.8"
source = "registry+https://github.com/rust-lang/crates.io-index"
dependencies = [
 "const-random-macro 0.1.8 (registry+https://github.com/rust-lang/crates.io-index)",
 "proc-macro-hack 0.5.14 (registry+https://github.com/rust-lang/crates.io-index)",
]

[[package]]
name = "const-random-macro"
version = "0.1.8"
source = "registry+https://github.com/rust-lang/crates.io-index"
dependencies = [
 "getrandom 0.1.14 (registry+https://github.com/rust-lang/crates.io-index)",
 "proc-macro-hack 0.5.14 (registry+https://github.com/rust-lang/crates.io-index)",
]

[[package]]
name = "core-error"
version = "0.0.0"
source = "registry+https://github.com/rust-lang/crates.io-index"
dependencies = [
 "version_check 0.9.1 (registry+https://github.com/rust-lang/crates.io-index)",
]

[[package]]
name = "gba"
version = "0.4.0-pre"
source = "git+https://gitlab.spline.inf.fu-berlin.de/gba/gba?branch=frickel#d8969e8575a51cc6ef9fffd9a32e1090de20e255"
dependencies = [
 "gba-proc-macro 0.5.0 (registry+https://github.com/rust-lang/crates.io-index)",
 "typenum 1.11.2 (registry+https://github.com/rust-lang/crates.io-index)",
 "voladdress 0.2.5 (registry+https://github.com/rust-lang/crates.io-index)",
]

[[package]]
name = "gba-proc-macro"
version = "0.5.0"
source = "registry+https://github.com/rust-lang/crates.io-index"
dependencies = [
 "proc-macro2 0.4.30 (registry+https://github.com/rust-lang/crates.io-index)",
 "quote 0.6.13 (registry+https://github.com/rust-lang/crates.io-index)",
 "syn 0.15.44 (registry+https://github.com/rust-lang/crates.io-index)",
]

[[package]]
name = "getrandom"
version = "0.1.14"
source = "registry+https://github.com/rust-lang/crates.io-index"
dependencies = [
 "cfg-if 0.1.10 (registry+https://github.com/rust-lang/crates.io-index)",
 "libc 0.2.68 (registry+https://github.com/rust-lang/crates.io-index)",
 "wasi 0.9.0+wasi-snapshot-preview1 (registry+https://github.com/rust-lang/crates.io-index)",
]

[[package]]
name = "hashbrown"
version = "0.6.3"
source = "registry+https://github.com/rust-lang/crates.io-index"
dependencies = [
 "ahash 0.2.18 (registry+https://github.com/rust-lang/crates.io-index)",
 "autocfg 0.1.7 (registry+https://github.com/rust-lang/crates.io-index)",
]

[[package]]
name = "industry-advance"
version = "0.1.0"
dependencies = [
 "ansi_rgb 0.2.0 (registry+https://github.com/rust-lang/crates.io-index)",
 "gba 0.4.0-pre (git+https://gitlab.spline.inf.fu-berlin.de/gba/gba?branch=frickel)",
 "linked_list_allocator 0.8.1 (registry+https://github.com/rust-lang/crates.io-index)",
 "tiny_ecs 0.19.4 (git+https://gitlab.com/casept/tiny_ecs?branch=no_std)",
 "typenum 1.11.2 (registry+https://github.com/rust-lang/crates.io-index)",
 "voladdress 0.3.0 (registry+https://github.com/rust-lang/crates.io-index)",
]

[[package]]
name = "libc"
version = "0.2.68"
source = "registry+https://github.com/rust-lang/crates.io-index"

[[package]]
name = "linked_list_allocator"
version = "0.8.1"
source = "registry+https://github.com/rust-lang/crates.io-index"

[[package]]
name = "proc-macro-hack"
version = "0.5.14"
source = "registry+https://github.com/rust-lang/crates.io-index"

[[package]]
name = "proc-macro2"
version = "0.4.30"
source = "registry+https://github.com/rust-lang/crates.io-index"
dependencies = [
 "unicode-xid 0.1.0 (registry+https://github.com/rust-lang/crates.io-index)",
]

[[package]]
name = "quote"
version = "0.6.13"
source = "registry+https://github.com/rust-lang/crates.io-index"
dependencies = [
 "proc-macro2 0.4.30 (registry+https://github.com/rust-lang/crates.io-index)",
]

[[package]]
name = "rgb"
version = "0.8.16"
source = "registry+https://github.com/rust-lang/crates.io-index"

[[package]]
name = "syn"
version = "0.15.44"
source = "registry+https://github.com/rust-lang/crates.io-index"
dependencies = [
 "proc-macro2 0.4.30 (registry+https://github.com/rust-lang/crates.io-index)",
 "quote 0.6.13 (registry+https://github.com/rust-lang/crates.io-index)",
 "unicode-xid 0.1.0 (registry+https://github.com/rust-lang/crates.io-index)",
]

[[package]]
name = "tiny_ecs"
version = "0.19.4"
source = "git+https://gitlab.com/casept/tiny_ecs?branch=no_std#5b8280bdacc4692f6a0b6a49c4dd0b88b7689219"
dependencies = [
 "core-error 0.0.0 (registry+https://github.com/rust-lang/crates.io-index)",
 "hashbrown 0.6.3 (registry+https://github.com/rust-lang/crates.io-index)",
 "vec_map 0.8.1 (git+https://github.com/casept/vec-map?branch=no_std)",
]

[[package]]
name = "typenum"
version = "1.11.2"
source = "registry+https://github.com/rust-lang/crates.io-index"

[[package]]
name = "unicode-xid"
version = "0.1.0"
source = "registry+https://github.com/rust-lang/crates.io-index"

[[package]]
name = "vec_map"
version = "0.8.1"
source = "git+https://github.com/casept/vec-map?branch=no_std#4f006141f7b876c212f1f8180902a0ab85358cec"

[[package]]
name = "version_check"
version = "0.9.1"
source = "registry+https://github.com/rust-lang/crates.io-index"

[[package]]
name = "voladdress"
version = "0.2.5"
source = "registry+https://github.com/rust-lang/crates.io-index"
dependencies = [
 "typenum 1.11.2 (registry+https://github.com/rust-lang/crates.io-index)",
]

[[package]]
name = "voladdress"
version = "0.3.0"
source = "registry+https://github.com/rust-lang/crates.io-index"

[[package]]
name = "wasi"
version = "0.9.0+wasi-snapshot-preview1"
source = "registry+https://github.com/rust-lang/crates.io-index"

[metadata]
"checksum ahash 0.2.18 (registry+https://github.com/rust-lang/crates.io-index)" = "6f33b5018f120946c1dcf279194f238a9f146725593ead1c08fa47ff22b0b5d3"
"checksum ansi_rgb 0.2.0 (registry+https://github.com/rust-lang/crates.io-index)" = "a730095eb14ee842a0f1e68504b85c8d4a19b1ef2ac2a9b4debf0ed982f9b08a"
"checksum autocfg 0.1.7 (registry+https://github.com/rust-lang/crates.io-index)" = "1d49d90015b3c36167a20fe2810c5cd875ad504b39cff3d4eae7977e6b7c1cb2"
"checksum cfg-if 0.1.10 (registry+https://github.com/rust-lang/crates.io-index)" = "4785bdd1c96b2a846b2bd7cc02e86b6b3dbf14e7e53446c4f54c92a361040822"
"checksum const-random 0.1.8 (registry+https://github.com/rust-lang/crates.io-index)" = "2f1af9ac737b2dd2d577701e59fd09ba34822f6f2ebdb30a7647405d9e55e16a"
"checksum const-random-macro 0.1.8 (registry+https://github.com/rust-lang/crates.io-index)" = "25e4c606eb459dd29f7c57b2e0879f2b6f14ee130918c2b78ccb58a9624e6c7a"
"checksum core-error 0.0.0 (registry+https://github.com/rust-lang/crates.io-index)" = "efcdb2972eb64230b4c50646d8498ff73f5128d196a90c7236eec4cbe8619b8f"
"checksum gba 0.4.0-pre (git+https://gitlab.spline.inf.fu-berlin.de/gba/gba?branch=frickel)" = "<none>"
"checksum gba-proc-macro 0.5.0 (registry+https://github.com/rust-lang/crates.io-index)" = "2cf87285990ee5c1165d24cc92d0cb5b4706c9e835e645850ef88acb811d25ac"
"checksum getrandom 0.1.14 (registry+https://github.com/rust-lang/crates.io-index)" = "7abc8dd8451921606d809ba32e95b6111925cd2906060d2dcc29c070220503eb"
"checksum hashbrown 0.6.3 (registry+https://github.com/rust-lang/crates.io-index)" = "8e6073d0ca812575946eb5f35ff68dbe519907b25c42530389ff946dc84c6ead"
"checksum libc 0.2.68 (registry+https://github.com/rust-lang/crates.io-index)" = "dea0c0405123bba743ee3f91f49b1c7cfb684eef0da0a50110f758ccf24cdff0"
"checksum linked_list_allocator 0.8.1 (registry+https://github.com/rust-lang/crates.io-index)" = "5825aea823c659d0fdcdbe8c9b78baf56f3a10365d783db874f6d360df72626f"
"checksum proc-macro-hack 0.5.14 (registry+https://github.com/rust-lang/crates.io-index)" = "fcfdefadc3d57ca21cf17990a28ef4c0f7c61383a28cb7604cf4a18e6ede1420"
"checksum proc-macro2 0.4.30 (registry+https://github.com/rust-lang/crates.io-index)" = "cf3d2011ab5c909338f7887f4fc896d35932e29146c12c8d01da6b22a80ba759"
"checksum quote 0.6.13 (registry+https://github.com/rust-lang/crates.io-index)" = "6ce23b6b870e8f94f81fb0a363d65d86675884b34a09043c81e5562f11c1f8e1"
"checksum rgb 0.8.16 (registry+https://github.com/rust-lang/crates.io-index)" = "5ec4ab2cf0b27e111e266e161cf7f9efd20125a161190da1c0945c4a4408fef3"
"checksum syn 0.15.44 (registry+https://github.com/rust-lang/crates.io-index)" = "9ca4b3b69a77cbe1ffc9e198781b7acb0c7365a883670e8f1c1bc66fba79a5c5"
"checksum tiny_ecs 0.19.4 (git+https://gitlab.com/casept/tiny_ecs?branch=no_std)" = "<none>"
"checksum typenum 1.11.2 (registry+https://github.com/rust-lang/crates.io-index)" = "6d2783fe2d6b8c1101136184eb41be8b1ad379e4657050b8aaff0c79ee7575f9"
"checksum unicode-xid 0.1.0 (registry+https://github.com/rust-lang/crates.io-index)" = "fc72304796d0818e357ead4e000d19c9c174ab23dc11093ac919054d20a6a7fc"
"checksum vec_map 0.8.1 (git+https://github.com/casept/vec-map?branch=no_std)" = "<none>"
"checksum version_check 0.9.1 (registry+https://github.com/rust-lang/crates.io-index)" = "078775d0255232fb988e6fccf26ddc9d1ac274299aaedcedce21c6f72cc533ce"
"checksum voladdress 0.2.5 (registry+https://github.com/rust-lang/crates.io-index)" = "240285ab14a51c73796628b33e0df41167efd5d230ce5ffd6f3bc63fc4f8010d"
"checksum voladdress 0.3.0 (registry+https://github.com/rust-lang/crates.io-index)" = "91790a8b3909597b3425774ca6666220404291d09df7219c79951f09581b3143"
"checksum wasi 0.9.0+wasi-snapshot-preview1 (registry+https://github.com/rust-lang/crates.io-index)" = "cccddf32554fecc6acb585f82a32a72e28b48f8c4c1883ddfeeeaa96f7d8e519"
