# This file is automatically @generated by Cargo.
# It is not intended for manual editing.
[[package]]
name = "ansi_rgb"
version = "0.2.0"
source = "registry+https://github.com/rust-lang/crates.io-index"
checksum = "a730095eb14ee842a0f1e68504b85c8d4a19b1ef2ac2a9b4debf0ed982f9b08a"
dependencies = [
 "rgb",
]

[[package]]
name = "arrayref"
version = "0.3.6"
source = "registry+https://github.com/rust-lang/crates.io-index"
checksum = "a4c527152e37cf757a3f78aae5a06fbeefdb07ccc535c980a3208ee3060dd544"

[[package]]
name = "arraystring"
version = "0.3.0"
source = "registry+https://github.com/rust-lang/crates.io-index"
checksum = "4d517c467117e1d8ca795bc8cc90857ff7f79790cca0e26f6e9462694ece0185"
dependencies = [
 "typenum",
]

[[package]]
name = "arrayvec"
version = "0.5.1"
source = "registry+https://github.com/rust-lang/crates.io-index"
checksum = "cff77d8686867eceff3105329d4698d96c2391c176d5d03adc90c7389162b5b8"

[[package]]
name = "autocfg"
version = "0.1.7"
source = "registry+https://github.com/rust-lang/crates.io-index"
checksum = "1d49d90015b3c36167a20fe2810c5cd875ad504b39cff3d4eae7977e6b7c1cb2"

[[package]]
name = "byte-slice-cast"
version = "0.3.5"
source = "registry+https://github.com/rust-lang/crates.io-index"
checksum = "b0a5e3906bcbf133e33c1d4d95afc664ad37fbdb9f6568d8043e7ea8c27d93d3"

[[package]]
name = "core-error"
version = "0.0.0"
source = "registry+https://github.com/rust-lang/crates.io-index"
checksum = "efcdb2972eb64230b4c50646d8498ff73f5128d196a90c7236eec4cbe8619b8f"
dependencies = [
 "version_check",
]

[[package]]
name = "fixed"
version = "0.5.6"
source = "registry+https://github.com/rust-lang/crates.io-index"
checksum = "f4c377839919bd296e5d7dd54c5ce062061b3b3dde1cd20f5e41e21002d2fb2c"
dependencies = [
 "typenum",
]

[[package]]
name = "gba"
version = "0.4.0-pre"
source = "git+https://github.com/rust-console/gba#af98b63aa1d96dea78def996b0b2d3a1b1b6fa4c"
dependencies = [
 "gba-proc-macro",
 "typenum",
 "voladdress",
]

[[package]]
name = "gba-proc-macro"
version = "0.5.0"
source = "registry+https://github.com/rust-lang/crates.io-index"
checksum = "2cf87285990ee5c1165d24cc92d0cb5b4706c9e835e645850ef88acb811d25ac"
dependencies = [
 "proc-macro2",
 "quote",
 "syn",
]

[[package]]
name = "gbfs_rs"
version = "0.1.0"
source = "git+https://github.com/industry-advance/gbfs_rs#6eadf9199f2c663a1bb6c70db87eaf542e544984"
dependencies = [
 "arraystring",
 "arrayvec",
 "byte-slice-cast",
]

[[package]]
name = "hashbrown"
version = "0.6.3"
source = "registry+https://github.com/rust-lang/crates.io-index"
checksum = "8e6073d0ca812575946eb5f35ff68dbe519907b25c42530389ff946dc84c6ead"
dependencies = [
 "autocfg",
]

[[package]]
name = "industry-advance"
version = "0.1.0"
dependencies = [
 "ansi_rgb",
 "arrayref",
 "arrayvec",
 "fixed",
 "gba",
 "gbfs_rs",
 "tiny_ecs",
]

[[package]]
name = "proc-macro2"
version = "0.4.30"
source = "registry+https://github.com/rust-lang/crates.io-index"
checksum = "cf3d2011ab5c909338f7887f4fc896d35932e29146c12c8d01da6b22a80ba759"
dependencies = [
 "unicode-xid",
]

[[package]]
name = "quote"
version = "0.6.13"
source = "registry+https://github.com/rust-lang/crates.io-index"
checksum = "6ce23b6b870e8f94f81fb0a363d65d86675884b34a09043c81e5562f11c1f8e1"
dependencies = [
 "proc-macro2",
]

[[package]]
name = "rgb"
version = "0.8.17"
source = "registry+https://github.com/rust-lang/crates.io-index"
checksum = "a85b83fd629b0ce765f45316774fa6aaa95947fd74c8e4bbf3c6d1e349701d95"

[[package]]
name = "rustc-hash"
version = "1.1.0"
source = "registry+https://github.com/rust-lang/crates.io-index"
checksum = "08d43f7aa6b08d49f382cde6a7982047c3426db949b1424bc4b7ec9ae12c6ce2"

[[package]]
name = "syn"
version = "0.15.44"
source = "registry+https://github.com/rust-lang/crates.io-index"
checksum = "9ca4b3b69a77cbe1ffc9e198781b7acb0c7365a883670e8f1c1bc66fba79a5c5"
dependencies = [
 "proc-macro2",
 "quote",
 "unicode-xid",
]

[[package]]
name = "tiny_ecs"
version = "0.19.4"
source = "git+https://gitlab.com/casept/tiny_ecs?branch=no_std#e186533ed1e27ef41771a994c2f6bf8275fec4d4"
dependencies = [
 "core-error",
 "hashbrown",
 "rustc-hash",
 "vec_map",
]

[[package]]
name = "typenum"
version = "1.12.0"
source = "registry+https://github.com/rust-lang/crates.io-index"
checksum = "373c8a200f9e67a0c95e62a4f52fbf80c23b4381c05a17845531982fa99e6b33"

[[package]]
name = "unicode-xid"
version = "0.1.0"
source = "registry+https://github.com/rust-lang/crates.io-index"
checksum = "fc72304796d0818e357ead4e000d19c9c174ab23dc11093ac919054d20a6a7fc"

[[package]]
name = "vec_map"
version = "0.8.1"
source = "git+https://github.com/casept/vec-map?branch=no_std#4f006141f7b876c212f1f8180902a0ab85358cec"

[[package]]
name = "version_check"
version = "0.9.1"
source = "registry+https://github.com/rust-lang/crates.io-index"
checksum = "078775d0255232fb988e6fccf26ddc9d1ac274299aaedcedce21c6f72cc533ce"

[[package]]
name = "voladdress"
version = "0.2.5"
source = "registry+https://github.com/rust-lang/crates.io-index"
checksum = "240285ab14a51c73796628b33e0df41167efd5d230ce5ffd6f3bc63fc4f8010d"
dependencies = [
 "typenum",
]
