# This file is automatically @generated by Cargo.
# It is not intended for manual editing.
[[package]]
name = "ansi_rgb"
version = "0.2.0"
source = "registry+https://github.com/rust-lang/crates.io-index"
checksum = "a730095eb14ee842a0f1e68504b85c8d4a19b1ef2ac2a9b4debf0ed982f9b08a"
dependencies = [
 "rgb",
]

[[package]]
name = "arrayref"
version = "0.3.6"
source = "registry+https://github.com/rust-lang/crates.io-index"
checksum = "a4c527152e37cf757a3f78aae5a06fbeefdb07ccc535c980a3208ee3060dd544"

[[package]]
name = "arraystring"
version = "0.3.0"
source = "registry+https://github.com/rust-lang/crates.io-index"
checksum = "4d517c467117e1d8ca795bc8cc90857ff7f79790cca0e26f6e9462694ece0185"
dependencies = [
 "typenum",
]

[[package]]
name = "arrayvec"
version = "0.5.1"
source = "registry+https://github.com/rust-lang/crates.io-index"
checksum = "cff77d8686867eceff3105329d4698d96c2391c176d5d03adc90c7389162b5b8"

[[package]]
name = "autocfg"
version = "0.1.7"
source = "registry+https://github.com/rust-lang/crates.io-index"
checksum = "1d49d90015b3c36167a20fe2810c5cd875ad504b39cff3d4eae7977e6b7c1cb2"

[[package]]
name = "autocfg"
version = "1.0.0"
source = "registry+https://github.com/rust-lang/crates.io-index"
checksum = "f8aac770f1885fd7e387acedd76065302551364496e46b3dd00860b2f8359b9d"

[[package]]
name = "byte-slice-cast"
version = "0.3.5"
source = "registry+https://github.com/rust-lang/crates.io-index"
checksum = "b0a5e3906bcbf133e33c1d4d95afc664ad37fbdb9f6568d8043e7ea8c27d93d3"

[[package]]
name = "bytemuck"
version = "1.2.0"
source = "registry+https://github.com/rust-lang/crates.io-index"
checksum = "37fa13df2292ecb479ec23aa06f4507928bef07839be9ef15281411076629431"

[[package]]
name = "core-error"
version = "0.0.0"
source = "registry+https://github.com/rust-lang/crates.io-index"
checksum = "efcdb2972eb64230b4c50646d8498ff73f5128d196a90c7236eec4cbe8619b8f"
dependencies = [
 "version_check",
]

[[package]]
name = "fixed"
version = "1.0.0"
source = "registry+https://github.com/rust-lang/crates.io-index"
checksum = "2f20ab6d935ed2bc2064dedf2753997a90a5de93488833ae1e57b860a4edde9c"
dependencies = [
 "typenum",
]

[[package]]
name = "gba"
version = "0.4.0-pre1"
source = "git+https://github.com/rust-console/gba#1696c66b1be48b710659313e6bf6359ac99b0808"
dependencies = [
 "gba-proc-macro",
 "typenum",
 "voladdress",
]

[[package]]
name = "gba-proc-macro"
version = "0.5.0"
source = "registry+https://github.com/rust-lang/crates.io-index"
checksum = "2cf87285990ee5c1165d24cc92d0cb5b4706c9e835e645850ef88acb811d25ac"
dependencies = [
 "proc-macro2 0.4.30",
 "quote 0.6.13",
 "syn 0.15.44",
]

[[package]]
name = "gbfs_rs"
version = "0.1.0"
source = "git+https://github.com/industry-advance/gbfs_rs#da7fe087ce145bfb928abf1bf62825e07b9b803d"
dependencies = [
 "arraystring",
 "arrayvec",
 "byte-slice-cast",
]

[[package]]
name = "hashbrown"
version = "0.6.3"
source = "registry+https://github.com/rust-lang/crates.io-index"
checksum = "8e6073d0ca812575946eb5f35ff68dbe519907b25c42530389ff946dc84c6ead"
dependencies = [
 "autocfg 0.1.7",
]

[[package]]
name = "hashbrown"
version = "0.7.2"
source = "registry+https://github.com/rust-lang/crates.io-index"
checksum = "96282e96bfcd3da0d3aa9938bedf1e50df3269b6db08b4876d2da0bb1a0841cf"
dependencies = [
 "autocfg 1.0.0",
]

[[package]]
name = "industry-advance"
version = "0.1.0"
dependencies = [
 "ansi_rgb",
 "arrayref",
 "arrayvec",
 "fixed",
 "gba",
 "gbfs_rs",
 "hashbrown 0.7.2",
 "serde",
 "serde_json",
 "spinning_top",
 "tiny_ecs",
 "twox-hash",
]

[[package]]
name = "itoa"
version = "0.4.6"
source = "registry+https://github.com/rust-lang/crates.io-index"
checksum = "dc6f3ad7b9d11a0c00842ff8de1b60ee58661048eb8049ed33c73594f359d7e6"

[[package]]
name = "lock_api"
version = "0.4.1"
source = "registry+https://github.com/rust-lang/crates.io-index"
checksum = "28247cc5a5be2f05fbcd76dd0cf2c7d3b5400cb978a28042abcd4fa0b3f8261c"
dependencies = [
 "scopeguard",
]

[[package]]
name = "proc-macro2"
version = "0.4.30"
source = "registry+https://github.com/rust-lang/crates.io-index"
checksum = "cf3d2011ab5c909338f7887f4fc896d35932e29146c12c8d01da6b22a80ba759"
dependencies = [
 "unicode-xid 0.1.0",
]

[[package]]
name = "proc-macro2"
version = "1.0.18"
source = "registry+https://github.com/rust-lang/crates.io-index"
checksum = "beae6331a816b1f65d04c45b078fd8e6c93e8071771f41b8163255bbd8d7c8fa"
dependencies = [
 "unicode-xid 0.2.1",
]

[[package]]
name = "quote"
version = "0.6.13"
source = "registry+https://github.com/rust-lang/crates.io-index"
checksum = "6ce23b6b870e8f94f81fb0a363d65d86675884b34a09043c81e5562f11c1f8e1"
dependencies = [
 "proc-macro2 0.4.30",
]

[[package]]
name = "quote"
version = "1.0.7"
source = "registry+https://github.com/rust-lang/crates.io-index"
checksum = "aa563d17ecb180e500da1cfd2b028310ac758de548efdd203e18f283af693f37"
dependencies = [
 "proc-macro2 1.0.18",
]

[[package]]
name = "rgb"
version = "0.8.20"
source = "registry+https://github.com/rust-lang/crates.io-index"
checksum = "90ef54b45ae131327a88597e2463fee4098ad6c88ba7b6af4b3987db8aad4098"
dependencies = [
 "bytemuck",
]

[[package]]
name = "rustc-hash"
version = "1.1.0"
source = "registry+https://github.com/rust-lang/crates.io-index"
checksum = "08d43f7aa6b08d49f382cde6a7982047c3426db949b1424bc4b7ec9ae12c6ce2"

[[package]]
name = "ryu"
version = "1.0.5"
source = "registry+https://github.com/rust-lang/crates.io-index"
checksum = "71d301d4193d031abdd79ff7e3dd721168a9572ef3fe51a1517aba235bd8f86e"

[[package]]
name = "scopeguard"
version = "1.1.0"
source = "registry+https://github.com/rust-lang/crates.io-index"
checksum = "d29ab0c6d3fc0ee92fe66e2d99f700eab17a8d57d1c1d3b748380fb20baa78cd"

[[package]]
name = "serde"
version = "1.0.114"
source = "registry+https://github.com/rust-lang/crates.io-index"
checksum = "5317f7588f0a5078ee60ef675ef96735a1442132dc645eb1d12c018620ed8cd3"
dependencies = [
 "serde_derive",
]

[[package]]
name = "serde_derive"
version = "1.0.114"
source = "registry+https://github.com/rust-lang/crates.io-index"
checksum = "2a0be94b04690fbaed37cddffc5c134bf537c8e3329d53e982fe04c374978f8e"
dependencies = [
 "proc-macro2 1.0.18",
 "quote 1.0.7",
 "syn 1.0.33",
]

[[package]]
name = "serde_json"
version = "1.0.56"
source = "registry+https://github.com/rust-lang/crates.io-index"
checksum = "3433e879a558dde8b5e8feb2a04899cf34fdde1fafb894687e52105fc1162ac3"
dependencies = [
 "itoa",
 "ryu",
 "serde",
]

[[package]]
name = "spinning_top"
version = "0.2.1"
source = "registry+https://github.com/rust-lang/crates.io-index"
checksum = "3ae8ba8ba35ec6c69da715181fb4b5451c3974b997596c0443d0bbc18c8cf6cd"
dependencies = [
 "lock_api",
]

[[package]]
name = "syn"
version = "0.15.44"
source = "registry+https://github.com/rust-lang/crates.io-index"
checksum = "9ca4b3b69a77cbe1ffc9e198781b7acb0c7365a883670e8f1c1bc66fba79a5c5"
dependencies = [
 "proc-macro2 0.4.30",
 "quote 0.6.13",
 "unicode-xid 0.1.0",
]

[[package]]
name = "syn"
version = "1.0.33"
source = "registry+https://github.com/rust-lang/crates.io-index"
checksum = "e8d5d96e8cbb005d6959f119f773bfaebb5684296108fb32600c00cde305b2cd"
dependencies = [
 "proc-macro2 1.0.18",
 "quote 1.0.7",
 "unicode-xid 0.2.1",
]

[[package]]
name = "tiny_ecs"
version = "0.19.4"
source = "git+https://gitlab.com/casept/tiny_ecs?branch=no_std#e186533ed1e27ef41771a994c2f6bf8275fec4d4"
dependencies = [
 "core-error",
 "hashbrown 0.6.3",
 "rustc-hash",
 "vec_map",
]

[[package]]
name = "twox-hash"
version = "1.5.0"
source = "registry+https://github.com/rust-lang/crates.io-index"
checksum = "3bfd5b7557925ce778ff9b9ef90e3ade34c524b5ff10e239c69a42d546d2af56"

[[package]]
name = "typenum"
version = "1.12.0"
source = "registry+https://github.com/rust-lang/crates.io-index"
checksum = "373c8a200f9e67a0c95e62a4f52fbf80c23b4381c05a17845531982fa99e6b33"

[[package]]
name = "unicode-xid"
version = "0.1.0"
source = "registry+https://github.com/rust-lang/crates.io-index"
checksum = "fc72304796d0818e357ead4e000d19c9c174ab23dc11093ac919054d20a6a7fc"

[[package]]
name = "unicode-xid"
version = "0.2.1"
source = "registry+https://github.com/rust-lang/crates.io-index"
checksum = "f7fe0bb3479651439c9112f72b6c505038574c9fbb575ed1bf3b797fa39dd564"

[[package]]
name = "vec_map"
version = "0.8.1"
source = "git+https://github.com/casept/vec-map?branch=no_std#4f006141f7b876c212f1f8180902a0ab85358cec"

[[package]]
name = "version_check"
version = "0.9.2"
source = "registry+https://github.com/rust-lang/crates.io-index"
checksum = "b5a972e5669d67ba988ce3dc826706fb0a8b01471c088cb0b6110b805cc36aed"

[[package]]
name = "voladdress"
version = "0.2.5"
source = "registry+https://github.com/rust-lang/crates.io-index"
checksum = "240285ab14a51c73796628b33e0df41167efd5d230ce5ffd6f3bc63fc4f8010d"
dependencies = [
 "typenum",
]
